{
  "pins" : [
    {
      "identity" : "logswift",
      "kind" : "remoteSourceControl",
      "location" : "https://github.com/shial4/LogSwift.git",
      "state" : {
        "branch" : "master",
        "revision" : "d8cded7fa03270655bee79304cdabb4a341027f9"
      }
    },
    {
      "identity" : "semaphore",
      "kind" : "remoteSourceControl",
      "location" : "https://github.com/groue/Semaphore.git",
      "state" : {
        "branch" : "main",
        "revision" : "b92ec84502425e11a72a93852fe9427f78dce81a"
      }
    }
  ],
  "version" : 2
}
